{
  "name": "barber-premium-site",
  "version": "1.0.0",
  "lockfileVersion": 3,
  "requires": true,
  "packages": {
    "": {
      "name": "barber-premium-site",
      "version": "1.0.0",
      "dependencies": {
        "@trybyte/robotstxt-parser": "1.2.0"
      },
      "engines": {
        "node": ">=20.0.0"
      }
    },
    "node_modules/@trybyte/robotstxt-parser": {
      "version": "1.2.0",
      "resolved": "https://registry.npmjs.org/@trybyte/robotstxt-parser/-/robotstxt-parser-1.2.0.tgz",
      "integrity": "sha512-AywmLqMu0ljMLEPVb4oPxwnyFmm3xxOS6LmwRia5jgqvzrBAoXXR0JWXEXaq/IG3tlFSXuAp+XzAabrijYzyUQ==",
      "license": "Apache-2.0",
      "engines": {
        "node": ">=20.0.0"
      }
    }
  }
}
